
Microsoft Visual Studio Solution File, Format Version 12.00
# Visual Studio Version 16
VisualStudioVersion = 16.0.32002.261
MinimumVisualStudioVersion = 10.0.40219.1
Project("{9A19103F-16F7-4668-BE54-9A1E7A4F7556}") = "Entities", "Entities\Entities.csproj", "{43735C84-20C3-4591-A2CC-B710698DA89C}"
EndProject
Project("{9A19103F-16F7-4668-BE54-9A1E7A4F7556}") = "Business", "Business\Business.csproj", "{B3158679-01CA-460A-8C0D-B6BAE2D22891}"
EndProject
Project("{9A19103F-16F7-4668-BE54-9A1E7A4F7556}") = "ConsoleUI", "ConsoleUI\ConsoleUI.csproj", "{B3FE1EDC-8996-4071-9950-BF246E829E0F}"
EndProject
Project("{9A19103F-16F7-4668-BE54-9A1E7A4F7556}") = "DataAccess", "DataAccess\DataAccess.csproj", "{AAE66CC4-6EC6-41FA-8905-C43F1C95E210}"
EndProject
Project("{9A19103F-16F7-4668-BE54-9A1E7A4F7556}") = "Core", "Core\Core.csproj", "{B6442237-8A34-445A-A1DB-8E63C82E3E0A}"
EndProject
Project("{FAE04EC0-301F-11D3-BF4B-00C04F79EFBC}") = "WebAPI", "WebAPI\WebAPI.csproj", "{F9E56790-3CA8-4825-8FD1-5C4074DE7D6D}"
EndProject
Global
	GlobalSection(SolutionConfigurationPlatforms) = preSolution
		Debug|Any CPU = Debug|Any CPU
		Release|Any CPU = Release|Any CPU
	EndGlobalSection
	GlobalSection(ProjectConfigurationPlatforms) = postSolution
		{43735C84-20C3-4591-A2CC-B710698DA89C}.Debug|Any CPU.ActiveCfg = Debug|Any CPU
		{43735C84-20C3-4591-A2CC-B710698DA89C}.Debug|Any CPU.Build.0 = Debug|Any CPU
		{43735C84-20C3-4591-A2CC-B710698DA89C}.Release|Any CPU.ActiveCfg = Release|Any CPU
		{43735C84-20C3-4591-A2CC-B710698DA89C}.Release|Any CPU.Build.0 = Release|Any CPU
		{B3158679-01CA-460A-8C0D-B6BAE2D22891}.Debug|Any CPU.ActiveCfg = Debug|Any CPU
		{B3158679-01CA-460A-8C0D-B6BAE2D22891}.Debug|Any CPU.Build.0 = Debug|Any CPU
		{B3158679-01CA-460A-8C0D-B6BAE2D22891}.Release|Any CPU.ActiveCfg = Release|Any CPU
		{B3158679-01CA-460A-8C0D-B6BAE2D22891}.Release|Any CPU.Build.0 = Release|Any CPU
		{B3FE1EDC-8996-4071-9950-BF246E829E0F}.Debug|Any CPU.ActiveCfg = Debug|Any CPU
		{B3FE1EDC-8996-4071-9950-BF246E829E0F}.Debug|Any CPU.Build.0 = Debug|Any CPU
		{B3FE1EDC-8996-4071-9950-BF246E829E0F}.Release|Any CPU.ActiveCfg = Release|Any CPU
		{B3FE1EDC-8996-4071-9950-BF246E829E0F}.Release|Any CPU.Build.0 = Release|Any CPU
		{AAE66CC4-6EC6-41FA-8905-C43F1C95E210}.Debug|Any CPU.ActiveCfg = Debug|Any CPU
		{AAE66CC4-6EC6-41FA-8905-C43F1C95E210}.Debug|Any CPU.Build.0 = Debug|Any CPU
		{AAE66CC4-6EC6-41FA-8905-C43F1C95E210}.Release|Any CPU.ActiveCfg = Release|Any CPU
		{AAE66CC4-6EC6-41FA-8905-C43F1C95E210}.Release|Any CPU.Build.0 = Release|Any CPU
		{B6442237-8A34-445A-A1DB-8E63C82E3E0A}.Debug|Any CPU.ActiveCfg = Debug|Any CPU
		{B6442237-8A34-445A-A1DB-8E63C82E3E0A}.Debug|Any CPU.Build.0 = Debug|Any CPU
		{B6442237-8A34-445A-A1DB-8E63C82E3E0A}.Release|Any CPU.ActiveCfg = Release|Any CPU
		{B6442237-8A34-445A-A1DB-8E63C82E3E0A}.Release|Any CPU.Build.0 = Release|Any CPU
		{F9E56790-3CA8-4825-8FD1-5C4074DE7D6D}.Debug|Any CPU.ActiveCfg = Debug|Any CPU
		{F9E56790-3CA8-4825-8FD1-5C4074DE7D6D}.Debug|Any CPU.Build.0 = Debug|Any CPU
		{F9E56790-3CA8-4825-8FD1-5C4074DE7D6D}.Release|Any CPU.ActiveCfg = Release|Any CPU
		{F9E56790-3CA8-4825-8FD1-5C4074DE7D6D}.Release|Any CPU.Build.0 = Release|Any CPU
	EndGlobalSection
	GlobalSection(SolutionProperties) = preSolution
		HideSolutionNode = FALSE
	EndGlobalSection
	GlobalSection(ExtensibilityGlobals) = postSolution
		SolutionGuid = {24C33151-865D-4E4A-91CB-EF270608D292}
	EndGlobalSection
EndGlobal
